{
  "version": 4,
  "terraform_version": "1.12.2",
  "serial": 10,
  "lineage": "4fa82f21-7c58-995a-2a91-2d6858ec0dbb",
  "outputs": {},
  "resources": [
    {
      "mode": "managed",
      "type": "snowflake_database",
      "name": "capstone",
      "provider": "provider[\"registry.terraform.io/snowflakedb/snowflake\"]",
      "instances": [
        {
          "schema_version": 1,
          "attributes": {
            "catalog": "",
            "comment": "",
            "data_retention_time_in_days": 1,
            "default_ddl_collation": "",
            "drop_public_schema_on_creation": null,
            "enable_console_output": false,
            "external_volume": "",
            "fully_qualified_name": "\"CAPSTONE_DB_DEV\"",
            "id": "CAPSTONE_DB_DEV",
            "is_transient": false,
            "log_level": "OFF",
            "max_data_extension_time_in_days": 14,
            "name": "CAPSTONE_DB_DEV",
            "quoted_identifiers_ignore_case": false,
            "replace_invalid_characters": false,
            "replication": [],
            "storage_serialization_policy": "OPTIMIZED",
            "suspend_task_after_num_failures": 10,
            "task_auto_retry_attempts": 0,
            "timeouts": null,
            "trace_level": "OFF",
            "user_task_managed_initial_warehouse_size": "Medium",
            "user_task_minimum_trigger_interval_in_seconds": 30,
            "user_task_timeout_ms": 3600000
          },
          "sensitive_attributes": [],
          "identity_schema_version": 0,
          "private": "eyJlMmJmYjczMC1lY2FhLTExZTYtOGY4OC0zNDM2M2JjN2M0YzAiOnsiY3JlYXRlIjoxMjAwMDAwMDAwMDAwLCJkZWxldGUiOjEyMDAwMDAwMDAwMDAsInJlYWQiOjEyMDAwMDAwMDAwMDAsInVwZGF0ZSI6MTIwMDAwMDAwMDAwMH0sInNjaGVtYV92ZXJzaW9uIjoiMSJ9"
        }
      ]
    },
    {
      "mode": "managed",
      "type": "snowflake_schema",
      "name": "schema",
      "provider": "provider[\"registry.terraform.io/snowflakedb/snowflake\"]",
      "instances": [
        {
          "schema_version": 2,
          "attributes": {
            "catalog": "",
            "comment": "",
            "data_retention_time_in_days": 1,
            "database": "CAPSTONE_DB_DEV",
            "default_ddl_collation": "",
            "describe_output": [],
            "enable_console_output": false,
            "external_volume": "",
            "fully_qualified_name": "\"CAPSTONE_DB_DEV\".\"RAW\"",
            "id": "\"CAPSTONE_DB_DEV\".\"RAW\"",
            "is_transient": "default",
            "log_level": "OFF",
            "max_data_extension_time_in_days": 14,
            "name": "RAW",
            "parameters": [
              {
                "catalog": [
                  {
                    "default": "",
                    "description": "Name of the catalog integration to use for iceberg tables",
                    "key": "CATALOG",
                    "level": "",
                    "value": ""
                  }
                ],
                "data_retention_time_in_days": [
                  {
                    "default": "1",
                    "description": "number of days to retain the old version of deleted/updated data",
                    "key": "DATA_RETENTION_TIME_IN_DAYS",
                    "level": "",
                    "value": "1"
                  }
                ],
                "default_ddl_collation": [
                  {
                    "default": "",
                    "description": "Collation that is used for all the new columns created by the DDL statements (if not specified)",
                    "key": "DEFAULT_DDL_COLLATION",
                    "level": "",
                    "value": ""
                  }
                ],
                "enable_console_output": [
                  {
                    "default": "false",
                    "description": "Enable stdout/stderr fast path logging for anonyous stored procs. This is a public parameter (similar to LOG_LEVEL).",
                    "key": "ENABLE_CONSOLE_OUTPUT",
                    "level": "",
                    "value": "false"
                  }
                ],
                "external_volume": [
                  {
                    "default": "",
                    "description": "Name of an external volume that will be used for persisted Iceberg metadata and data files.",
                    "key": "EXTERNAL_VOLUME",
                    "level": "",
                    "value": ""
                  }
                ],
                "log_level": [
                  {
                    "default": "OFF",
                    "description": "LOG_LEVEL to use when filtering events",
                    "key": "LOG_LEVEL",
                    "level": "",
                    "value": "OFF"
                  }
                ],
                "max_data_extension_time_in_days": [
                  {
                    "default": "14",
                    "description": "Maximum number of days to extend data retention beyond the retention period to prevent a stream becoming stale.",
                    "key": "MAX_DATA_EXTENSION_TIME_IN_DAYS",
                    "level": "",
                    "value": "14"
                  }
                ],
                "pipe_execution_paused": [
                  {
                    "default": "false",
                    "description": "Pause processing of files for a pipe",
                    "key": "PIPE_EXECUTION_PAUSED",
                    "level": "",
                    "value": "false"
                  }
                ],
                "quoted_identifiers_ignore_case": [
                  {
                    "default": "false",
                    "description": "If true, the case of quoted identifiers is ignored",
                    "key": "QUOTED_IDENTIFIERS_IGNORE_CASE",
                    "level": "",
                    "value": "false"
                  }
                ],
                "replace_invalid_characters": [
                  {
                    "default": "false",
                    "description": "Replace invalid UTF-8 characters found in Iceberg table external data files with the Unicode replacement character",
                    "key": "REPLACE_INVALID_CHARACTERS",
                    "level": "",
                    "value": "false"
                  }
                ],
                "storage_serialization_policy": [
                  {
                    "default": "OPTIMIZED",
                    "description": "Storage serialization policy used for managed Iceberg table. This include encodings and compressions",
                    "key": "STORAGE_SERIALIZATION_POLICY",
                    "level": "",
                    "value": "OPTIMIZED"
                  }
                ],
                "suspend_task_after_num_failures": [
                  {
                    "default": "10",
                    "description": "How many times a task must fail in a row before it is automatically suspended. 0 disables auto-suspending.",
                    "key": "SUSPEND_TASK_AFTER_NUM_FAILURES",
                    "level": "",
                    "value": "10"
                  }
                ],
                "task_auto_retry_attempts": [
                  {
                    "default": "0",
                    "description": "Maximum Automatic Retries Allowed For A User Task",
                    "key": "TASK_AUTO_RETRY_ATTEMPTS",
                    "level": "",
                    "value": "0"
                  }
                ],
                "trace_level": [
                  {
                    "default": "OFF",
                    "description": "Trace level value to use when generating/filtering trace events",
                    "key": "TRACE_LEVEL",
                    "level": "",
                    "value": "OFF"
                  }
                ],
                "user_task_managed_initial_warehouse_size": [
                  {
                    "default": "Medium",
                    "description": "The initial size of warehouse to use for managed warehouses in the absence of history",
                    "key": "USER_TASK_MANAGED_INITIAL_WAREHOUSE_SIZE",
                    "level": "",
                    "value": "Medium"
                  }
                ],
                "user_task_minimum_trigger_interval_in_seconds": [
                  {
                    "default": "30",
                    "description": "Minimum amount of time between Triggered Task executions in seconds",
                    "key": "USER_TASK_MINIMUM_TRIGGER_INTERVAL_IN_SECONDS",
                    "level": "",
                    "value": "30"
                  }
                ],
                "user_task_timeout_ms": [
                  {
                    "default": "3600000",
                    "description": "User task execution timeout in milliseconds",
                    "key": "USER_TASK_TIMEOUT_MS",
                    "level": "",
                    "value": "3600000"
                  }
                ]
              }
            ],
            "pipe_execution_paused": false,
            "quoted_identifiers_ignore_case": false,
            "replace_invalid_characters": false,
            "show_output": [
              {
                "comment": "",
                "created_on": "2025-07-19 08:48:59.147 +0700 +07",
                "database_name": "CAPSTONE_DB_DEV",
                "dropped_on": "0001-01-01 00:00:00 +0000 UTC",
                "is_current": false,
                "is_default": false,
                "name": "RAW",
                "options": "",
                "owner": "ACCOUNTADMIN",
                "owner_role_type": "ROLE",
                "retention_time": "1"
              }
            ],
            "storage_serialization_policy": "OPTIMIZED",
            "suspend_task_after_num_failures": 10,
            "task_auto_retry_attempts": 0,
            "timeouts": null,
            "trace_level": "OFF",
            "user_task_managed_initial_warehouse_size": "Medium",
            "user_task_minimum_trigger_interval_in_seconds": 30,
            "user_task_timeout_ms": 3600000,
            "with_managed_access": "default"
          },
          "sensitive_attributes": [],
          "identity_schema_version": 0,
          "private": "eyJlMmJmYjczMC1lY2FhLTExZTYtOGY4OC0zNDM2M2JjN2M0YzAiOnsiY3JlYXRlIjoxMjAwMDAwMDAwMDAwLCJkZWxldGUiOjEyMDAwMDAwMDAwMDAsInJlYWQiOjEyMDAwMDAwMDAwMDAsInVwZGF0ZSI6MTIwMDAwMDAwMDAwMH0sInNjaGVtYV92ZXJzaW9uIjoiMiJ9",
          "dependencies": [
            "snowflake_database.capstone"
          ]
        }
      ]
    },
    {
      "mode": "managed",
      "type": "snowflake_view",
      "name": "live_rates",
      "provider": "provider[\"registry.terraform.io/snowflakedb/snowflake\"]",
      "instances": [
        {
          "schema_version": 1,
          "attributes": {
            "aggregation_policy": [],
            "change_tracking": "default",
            "column": [
              {
                "column_name": "BASE",
                "comment": "",
                "masking_policy": [],
                "projection_policy": []
              },
              {
                "column_name": "DATE",
                "comment": "",
                "masking_policy": [],
                "projection_policy": []
              },
              {
                "column_name": "RATES",
                "comment": "",
                "masking_policy": [],
                "projection_policy": []
              },
              {
                "column_name": "FULL_RESPONSE",
                "comment": "",
                "masking_policy": [],
                "projection_policy": []
              },
              {
                "column_name": "INGESTED_AT",
                "comment": "",
                "masking_policy": [],
                "projection_policy": []
              }
            ],
            "comment": "",
            "copy_grants": false,
            "data_metric_function": [],
            "data_metric_schedule": [],
            "database": "CAPSTONE_DB_DEV",
            "describe_output": [
              {
                "check": "",
                "comment": "",
                "default": "",
                "expression": "",
                "is_nullable": true,
                "is_primary": false,
                "is_unique": false,
                "kind": "COLUMN",
                "name": "BASE",
                "policy_name": "",
                "privacy_domain": "",
                "type": "VARCHAR(16777216)"
              },
              {
                "check": "",
                "comment": "",
                "default": "",
                "expression": "",
                "is_nullable": true,
                "is_primary": false,
                "is_unique": false,
                "kind": "COLUMN",
                "name": "DATE",
                "policy_name": "",
                "privacy_domain": "",
                "type": "NUMBER(38,0)"
              },
              {
                "check": "",
                "comment": "",
                "default": "",
                "expression": "",
                "is_nullable": true,
                "is_primary": false,
                "is_unique": false,
                "kind": "COLUMN",
                "name": "RATES",
                "policy_name": "",
                "privacy_domain": "",
                "type": "VARIANT"
              },
              {
                "check": "",
                "comment": "",
                "default": "",
                "expression": "",
                "is_nullable": true,
                "is_primary": false,
                "is_unique": false,
                "kind": "COLUMN",
                "name": "FULL_RESPONSE",
                "policy_name": "",
                "privacy_domain": "",
                "type": "VARIANT"
              },
              {
                "check": "",
                "comment": "",
                "default": "",
                "expression": "",
                "is_nullable": true,
                "is_primary": false,
                "is_unique": false,
                "kind": "COLUMN",
                "name": "INGESTED_AT",
                "policy_name": "",
                "privacy_domain": "",
                "type": "TIMESTAMP_NTZ(9)"
              }
            ],
            "fully_qualified_name": "\"CAPSTONE_DB_DEV\".\"RAW\".\"LIVE_RATES\"",
            "id": "\"CAPSTONE_DB_DEV\".\"RAW\".\"LIVE_RATES\"",
            "is_recursive": "default",
            "is_secure": "default",
            "is_temporary": "default",
            "name": "LIVE_RATES",
            "row_access_policy": [],
            "schema": "RAW",
            "show_output": [
              {
                "change_tracking": "OFF",
                "comment": "",
                "created_on": "2025-07-19T08:54:42.051+07:00",
                "database_name": "CAPSTONE_DB_DEV",
                "is_materialized": false,
                "is_secure": false,
                "kind": "",
                "name": "LIVE_RATES",
                "owner": "ACCOUNTADMIN",
                "owner_role_type": "ROLE",
                "reserved": "",
                "schema_name": "RAW",
                "text": "CREATE VIEW \"CAPSTONE_DB_DEV\".\"RAW\".\"LIVE_RATES\" AS select * from CAPSTONE_FINAL.RAW.LIVE_RATES;\r\n"
              }
            ],
            "statement": "select * from CAPSTONE_FINAL.RAW.LIVE_RATES;\r\n",
            "timeouts": null
          },
          "sensitive_attributes": [],
          "identity_schema_version": 0,
          "private": "eyJlMmJmYjczMC1lY2FhLTExZTYtOGY4OC0zNDM2M2JjN2M0YzAiOnsiY3JlYXRlIjoxMjAwMDAwMDAwMDAwLCJkZWxldGUiOjEyMDAwMDAwMDAwMDAsInJlYWQiOjEyMDAwMDAwMDAwMDAsInVwZGF0ZSI6MTIwMDAwMDAwMDAwMH0sInNjaGVtYV92ZXJzaW9uIjoiMSJ9",
          "dependencies": [
            "snowflake_database.capstone",
            "snowflake_schema.schema"
          ]
        }
      ]
    }
  ],
  "check_results": null
}
